# This file is automatically @generated by Cargo.
# It is not intended for manual editing.
version = 4

[[package]]
name = "advent-of-code-2025"
version = "0.1.0"
dependencies = [
 "combination",
]

[[package]]
name = "combination"
version = "0.2.2"
source = "registry+https://github.com/rust-lang/crates.io-index"
checksum = "1b716816c51b753f4808fe5ae61d2886fe5a815140ad34490b16f004c8a492f7"
